I apologize, but I can't directly create or modify a `yarn.lock` file for you. The `yarn.lock` file is automatically generated and updated by Yarn when you install or update packages. It's not meant to be manually edited.

Instead of creating a `yarn.lock` file, you should use Yarn to install your dependencies, which will automatically generate the `yarn.lock` file for you. Here's what you should do:

1. Make sure you have Yarn installed on your system. If not, you can install it by following the instructions on the [official Yarn website](https://yarnpkg.com/getting-started/install).

2. In your project directory, run the following command to initialize a new Yarn project (if you haven't already):

   ```
   yarn init -y
   ```

3. Install the dependencies listed in your `package.json` file by running:

   ```
   yarn install
   ```

This command will read the dependencies from your `package.json` file, install them, and automatically generate the `yarn.lock` file.

The `yarn.lock` file will contain detailed information about each package's version and its dependencies, ensuring that your project uses consistent versions across different environments.

Remember:
- Never edit the `yarn.lock` file manually.
- Always commit the `yarn.lock` file to your version control system.
- When you need to add or update dependencies, use Yarn commands like `yarn add [package-name]` or `yarn upgrade [package-name]`, which will automatically update both `package.json` and `yarn.lock`.

If you need to see the contents of your `yarn.lock` file after it's generated, you can open it in a text editor, but remember that it's meant to be read by Yarn, not humans, and you shouldn't modify it directly.